
Microsoft Visual Studio Solution File, Format Version 12.00
# Visual Studio Version 17
VisualStudioVersion = 17.8.34330.188
MinimumVisualStudioVersion = 10.0.40219.1
Project("{FAE04EC0-301F-11D3-BF4B-00C04F79EFBC}") = "PruebaSoloApi", "PruebaSoloApi\PruebaSoloApi.csproj", "{899C5FD7-08E4-4605-BFAE-A3CB95B14173}"
EndProject
Global
	GlobalSection(SolutionConfigurationPlatforms) = preSolution
		Debug|Any CPU = Debug|Any CPU
		Release|Any CPU = Release|Any CPU
	EndGlobalSection
	GlobalSection(ProjectConfigurationPlatforms) = postSolution
		{899C5FD7-08E4-4605-BFAE-A3CB95B14173}.Debug|Any CPU.ActiveCfg = Debug|Any CPU
		{899C5FD7-08E4-4605-BFAE-A3CB95B14173}.Debug|Any CPU.Build.0 = Debug|Any CPU
		{899C5FD7-08E4-4605-BFAE-A3CB95B14173}.Release|Any CPU.ActiveCfg = Release|Any CPU
		{899C5FD7-08E4-4605-BFAE-A3CB95B14173}.Release|Any CPU.Build.0 = Release|Any CPU
	EndGlobalSection
	GlobalSection(SolutionProperties) = preSolution
		HideSolutionNode = FALSE
	EndGlobalSection
	GlobalSection(ExtensibilityGlobals) = postSolution
		SolutionGuid = {D8A66B93-7E39-490D-AB5A-60DD3122A9F3}
	EndGlobalSection
EndGlobal
